
Microsoft Visual Studio Solution File, Format Version 12.00
# Visual Studio Version 16
VisualStudioVersion = 16.0.30413.136
MinimumVisualStudioVersion = 10.0.40219.1
Project("{FAE04EC0-301F-11D3-BF4B-00C04F79EFBC}") = "Float-wpf", "Float-Notes-win\Float-wpf.csproj", "{38D2F274-812F-4138-842E-FAC3A4031A21}"
EndProject
Global
	GlobalSection(SolutionConfigurationPlatforms) = preSolution
		Debug|Any CPU = Debug|Any CPU
		Release|Any CPU = Release|Any CPU
	EndGlobalSection
	GlobalSection(ProjectConfigurationPlatforms) = postSolution
		{38D2F274-812F-4138-842E-FAC3A4031A21}.Debug|Any CPU.ActiveCfg = Debug|Any CPU
		{38D2F274-812F-4138-842E-FAC3A4031A21}.Debug|Any CPU.Build.0 = Debug|Any CPU
		{38D2F274-812F-4138-842E-FAC3A4031A21}.Release|Any CPU.ActiveCfg = Release|Any CPU
		{38D2F274-812F-4138-842E-FAC3A4031A21}.Release|Any CPU.Build.0 = Release|Any CPU
	EndGlobalSection
	GlobalSection(SolutionProperties) = preSolution
		HideSolutionNode = FALSE
	EndGlobalSection
	GlobalSection(ExtensibilityGlobals) = postSolution
		SolutionGuid = {A20A531A-FE9D-478C-A993-4168F4CED6D5}
	EndGlobalSection
EndGlobal
